
Microsoft Visual Studio Solution File, Format Version 12.00
# Visual Studio Version 17
VisualStudioVersion = 17.4.33103.184
MinimumVisualStudioVersion = 10.0.40219.1
Project("{FAE04EC0-301F-11D3-BF4B-00C04F79EFBC}") = "ChatGptTest.API", "DevEnglishTutor.API\ChatGptTest.API.csproj", "{AD51FFB3-7E91-4F28-873F-FF6172C7AAB6}"
EndProject
Project("{FAE04EC0-301F-11D3-BF4B-00C04F79EFBC}") = "ChatGptTest.Service", "DevEnglishTutor.Service\ChatGptTest.Service.csproj", "{B12F2E63-D990-4242-8349-C16FD061F139}"
EndProject
Global
	GlobalSection(SolutionConfigurationPlatforms) = preSolution
		Debug|Any CPU = Debug|Any CPU
		Release|Any CPU = Release|Any CPU
	EndGlobalSection
	GlobalSection(ProjectConfigurationPlatforms) = postSolution
		{AD51FFB3-7E91-4F28-873F-FF6172C7AAB6}.Debug|Any CPU.ActiveCfg = Debug|Any CPU
		{AD51FFB3-7E91-4F28-873F-FF6172C7AAB6}.Debug|Any CPU.Build.0 = Debug|Any CPU
		{AD51FFB3-7E91-4F28-873F-FF6172C7AAB6}.Release|Any CPU.ActiveCfg = Release|Any CPU
		{AD51FFB3-7E91-4F28-873F-FF6172C7AAB6}.Release|Any CPU.Build.0 = Release|Any CPU
		{B12F2E63-D990-4242-8349-C16FD061F139}.Debug|Any CPU.ActiveCfg = Debug|Any CPU
		{B12F2E63-D990-4242-8349-C16FD061F139}.Debug|Any CPU.Build.0 = Debug|Any CPU
		{B12F2E63-D990-4242-8349-C16FD061F139}.Release|Any CPU.ActiveCfg = Release|Any CPU
		{B12F2E63-D990-4242-8349-C16FD061F139}.Release|Any CPU.Build.0 = Release|Any CPU
	EndGlobalSection
	GlobalSection(SolutionProperties) = preSolution
		HideSolutionNode = FALSE
	EndGlobalSection
	GlobalSection(ExtensibilityGlobals) = postSolution
		SolutionGuid = {2D860492-A145-40FB-8BF6-140D7BDD5F6D}
	EndGlobalSection
EndGlobal
